PODS:
  - CryptoSHA (0.0.2)
  - SPAlert (2.1.4)

DEPENDENCIES:
  - CryptoSHA (from `../`)
  - SPAlert

SPEC REPOS:
  trunk:
    - SPAlert

EXTERNAL SOURCES:
  CryptoSHA:
    :path: "../"

SPEC CHECKSUMS:
  CryptoSHA: 194ec1ed31cdfb9e227d1aee521ec1ef1ac934ae
  SPAlert: 1a8afa1c6ac86a82ab5b2cfdf7f9a51e68cb6c0c

PODFILE CHECKSUM: b57d110d117fc10b6b401f2a812062835fd7e46e

COCOAPODS: 1.10.0
